
Microsoft Visual Studio Solution File, Format Version 12.00
# Visual Studio Version 17
VisualStudioVersion = 17.2.32630.192
MinimumVisualStudioVersion = 10.0.40219.1
Project("{FAE04EC0-301F-11D3-BF4B-00C04F79EFBC}") = "Lista_Atributos_RPG", "Listas_Pedidos\Lista_Atributos_RPG.csproj", "{AF5EB898-F492-4242-A75C-D6623AEE4CDB}"
EndProject
Global
	GlobalSection(SolutionConfigurationPlatforms) = preSolution
		Debug|Any CPU = Debug|Any CPU
		Release|Any CPU = Release|Any CPU
	EndGlobalSection
	GlobalSection(ProjectConfigurationPlatforms) = postSolution
		{AF5EB898-F492-4242-A75C-D6623AEE4CDB}.Debug|Any CPU.ActiveCfg = Debug|Any CPU
		{AF5EB898-F492-4242-A75C-D6623AEE4CDB}.Debug|Any CPU.Build.0 = Debug|Any CPU
		{AF5EB898-F492-4242-A75C-D6623AEE4CDB}.Release|Any CPU.ActiveCfg = Release|Any CPU
		{AF5EB898-F492-4242-A75C-D6623AEE4CDB}.Release|Any CPU.Build.0 = Release|Any CPU
	EndGlobalSection
	GlobalSection(SolutionProperties) = preSolution
		HideSolutionNode = FALSE
	EndGlobalSection
	GlobalSection(ExtensibilityGlobals) = postSolution
		SolutionGuid = {B253E3A2-DFF6-4A2B-83C3-6DE9104BD4E4}
	EndGlobalSection
EndGlobal
